{
  "name": "wraps-base",
  "version": "0.0.1",
  "lockfileVersion": 1,
  "requires": true,
  "dependencies": {
    "@types/bluebird": {
      "version": "3.5.24",
      "resolved": "https://registry.npmjs.org/@types/bluebird/-/bluebird-3.5.24.tgz",
      "integrity": "sha512-YeQoDpq4Lm8ppSBqAnAeF/xy1cYp/dMTif2JFcvmAbETMRlvKHT2iLcWu+WyYiJO3b3Ivokwo7EQca/xfLVJmg==",
      "dev": true
    },
    "@types/knex": {
      "version": "0.15.1",
      "resolved": "https://registry.npmjs.org/@types/knex/-/knex-0.15.1.tgz",
      "integrity": "sha512-eMXYxl8Jhg5tBYLtSGTF4acCGHeKO+0HYDocAM5jpYBsKC8w0HwQPF8eqi8TAzex5I4JkVK27p/phvY0wg09aQ==",
      "dev": true,
      "requires": {
        "@types/bluebird": "3.5.24",
        "@types/node": "10.12.10"
      }
    },
    "@types/node": {
      "version": "10.12.10",
      "resolved": "https://registry.npmjs.org/@types/node/-/node-10.12.10.tgz",
      "integrity": "sha512-8xZEYckCbUVgK8Eg7lf5Iy4COKJ5uXlnIOnePN0WUwSQggy9tolM+tDJf7wMOnT/JT/W9xDYIaYggt3mRV2O5w==",
      "dev": true
    },
    "tslint-config-prettier": {
      "version": "1.16.0",
      "resolved": "https://registry.npmjs.org/tslint-config-prettier/-/tslint-config-prettier-1.16.0.tgz",
      "integrity": "sha512-zu6RAcpBtqdvhT6KpBh9kRPYATjOf9BnRi718kNqVKFjEgSE4rFrPprFju1YJrkOa3RbtbWI1ZSuLd2NBX1MDw==",
      "dev": true
    }
  }
}
